<?xml version="1.0" encoding="utf-8"?>
<Project ToolsVersion="4.0" xmlns="http://schemas.microsoft.com/developer/msbuild/2003">
  <ItemGroup>
    <ClCompile Include="src\AbstractParticleManager.cpp">
      <Filter>src\particle</Filter>
    </ClCompile>
    <ClCompile Include="src\ColoredBody.cpp">
      <Filter>src\particle</Filter>
    </ClCompile>
    <ClCompile Include="src\DynamicManager.cpp">
      <Filter>src\particle</Filter>
    </ClCompile>
    <ClCompile Include="src\Emitter.cpp">
      <Filter>src\particle</Filter>
    </ClCompile>
    <ClCompile Include="src\LineShape.cpp">
      <Filter>src\particle</Filter>
    </ClCompile>
    <ClCompile Include="src\LowMemoryManager.cpp">
      <Filter>src\particle</Filter>
    </ClCompile>
    <ClCompile Include="src\NewtonPhysics.cpp">
      <Filter>src\particle</Filter>
    </ClCompile>
    <ClCompile Include="src\OFRenderer.cpp">
      <Filter>src\particle</Filter>
    </ClCompile>
    <ClCompile Include="src\RingShape.cpp">
      <Filter>src\particle</Filter>
    </ClCompile>
    <ClCompile Include="src\main.cpp">
      <Filter>src</Filter>
    </ClCompile>
    <ClCompile Include="src\ofApp.cpp">
      <Filter>src</Filter>
    </ClCompile>
    <ClCompile Include="src\player.cpp">
      <Filter>src</Filter>
    </ClCompile>
    <ClCompile Include="src\Collectibles.cpp">
      <Filter>src</Filter>
    </ClCompile>
    <ClCompile Include="src\Scroll.cpp">
      <Filter>src</Filter>
    </ClCompile>
  </ItemGroup>
  <ItemGroup>
    <Filter Include="src">
      <UniqueIdentifier>{d8376475-7454-4a24-b08a-aac121d3ad6f}</UniqueIdentifier>
    </Filter>
    <Filter Include="addons">
      <UniqueIdentifier>{ece6cc74-bdef-4812-ac13-fe6f39dd01d7}</UniqueIdentifier>
    </Filter>
    <Filter Include="src\particle">
      <UniqueIdentifier>{f6e5344f-ff5b-4fa2-9a92-a7e9b0e74d2e}</UniqueIdentifier>
    </Filter>
  </ItemGroup>
  <ItemGroup>
    <ClInclude Include="src\AbstractParticleManager.h">
      <Filter>src\particle</Filter>
    </ClInclude>
    <ClInclude Include="src\BodyCalculator.h">
      <Filter>src\particle</Filter>
    </ClInclude>
    <ClInclude Include="src\ColoredBody.h">
      <Filter>src\particle</Filter>
    </ClInclude>
    <ClInclude Include="src\DynamicManager.h">
      <Filter>src\particle</Filter>
    </ClInclude>
    <ClInclude Include="src\Emitter.h">
      <Filter>src\particle</Filter>
    </ClInclude>
    <ClInclude Include="src\EmitterShape.h">
      <Filter>src\particle</Filter>
    </ClInclude>
    <ClInclude Include="src\LineShape.h">
      <Filter>src\particle</Filter>
    </ClInclude>
    <ClInclude Include="src\LowMemoryManager.h">
      <Filter>src\particle</Filter>
    </ClInclude>
    <ClInclude Include="src\NewtonPhysics.h">
      <Filter>src\particle</Filter>
    </ClInclude>
    <ClInclude Include="src\OFRenderer.h">
      <Filter>src\particle</Filter>
    </ClInclude>
    <ClInclude Include="src\Particle.h">
      <Filter>src\particle</Filter>
    </ClInclude>
    <ClInclude Include="src\ParticleManager.h">
      <Filter>src\particle</Filter>
    </ClInclude>
    <ClInclude Include="src\ParticleObserver.h">
      <Filter>src\particle</Filter>
    </ClInclude>
    <ClInclude Include="src\ParticleRenderer.h">
      <Filter>src\particle</Filter>
    </ClInclude>
    <ClInclude Include="src\PhysicsCalculator.h">
      <Filter>src\particle</Filter>
    </ClInclude>
    <ClInclude Include="src\PointShape.h">
      <Filter>src\particle</Filter>
    </ClInclude>
    <ClInclude Include="src\Range.h">
      <Filter>src\particle</Filter>
    </ClInclude>
    <ClInclude Include="src\RingShape.h">
      <Filter>src\particle</Filter>
    </ClInclude>
    <ClInclude Include="src\ofApp.h">
      <Filter>src</Filter>
    </ClInclude>
    <ClInclude Include="src\player.h">
      <Filter>src</Filter>
    </ClInclude>
    <ClInclude Include="src\Collectibles.h">
      <Filter>src</Filter>
    </ClInclude>
    <ClInclude Include="src\Scroll.h">
      <Filter>src</Filter>
    </ClInclude>
  </ItemGroup>
  <ItemGroup>
    <ResourceCompile Include="icon.rc" />
  </ItemGroup>
</Project>